
Microsoft Visual Studio Solution File, Format Version 12.00
# Visual Studio Version 16
VisualStudioVersion = 16.0.30517.126
MinimumVisualStudioVersion = 10.0.40219.1
Project("{8BC9CEB8-8B4A-11D0-8D11-00A0C91BC942}") = "FilterImageSpatialDomain", "FilterImageSpatialDomain.vcxproj", "{8503C921-288F-457D-BE5D-6313417780DA}"
EndProject
Global
	GlobalSection(SolutionConfigurationPlatforms) = preSolution
		Debug|x64 = Debug|x64
		Debug|x86 = Debug|x86
		Release|x64 = Release|x64
		Release|x86 = Release|x86
	EndGlobalSection
	GlobalSection(ProjectConfigurationPlatforms) = postSolution
		{8503C921-288F-457D-BE5D-6313417780DA}.Debug|x64.ActiveCfg = Debug|x64
		{8503C921-288F-457D-BE5D-6313417780DA}.Debug|x64.Build.0 = Debug|x64
		{8503C921-288F-457D-BE5D-6313417780DA}.Debug|x86.ActiveCfg = Debug|Win32
		{8503C921-288F-457D-BE5D-6313417780DA}.Debug|x86.Build.0 = Debug|Win32
		{8503C921-288F-457D-BE5D-6313417780DA}.Release|x64.ActiveCfg = Release|x64
		{8503C921-288F-457D-BE5D-6313417780DA}.Release|x64.Build.0 = Release|x64
		{8503C921-288F-457D-BE5D-6313417780DA}.Release|x86.ActiveCfg = Release|Win32
		{8503C921-288F-457D-BE5D-6313417780DA}.Release|x86.Build.0 = Release|Win32
	EndGlobalSection
	GlobalSection(SolutionProperties) = preSolution
		HideSolutionNode = FALSE
	EndGlobalSection
	GlobalSection(ExtensibilityGlobals) = postSolution
		SolutionGuid = {C4258C06-F3DB-413C-B6FC-3CD8FD5A569F}
	EndGlobalSection
EndGlobal
